
Microsoft Visual Studio Solution File, Format Version 12.00
# Visual Studio Version 17
VisualStudioVersion = 17.5.002.0
MinimumVisualStudioVersion = 10.0.40219.1
Project("{9A19103F-16F7-4668-BE54-9A1E7A4F7556}") = "Laboratorio3", "Laboratorio3\Laboratorio3.csproj", "{2C9CA100-F0F2-4D5A-9389-B7C2C21B76CA}"
EndProject
Global
	GlobalSection(SolutionConfigurationPlatforms) = preSolution
		Debug|Any CPU = Debug|Any CPU
		Release|Any CPU = Release|Any CPU
	EndGlobalSection
	GlobalSection(ProjectConfigurationPlatforms) = postSolution
		{2C9CA100-F0F2-4D5A-9389-B7C2C21B76CA}.Debug|Any CPU.ActiveCfg = Debug|Any CPU
		{2C9CA100-F0F2-4D5A-9389-B7C2C21B76CA}.Debug|Any CPU.Build.0 = Debug|Any CPU
		{2C9CA100-F0F2-4D5A-9389-B7C2C21B76CA}.Release|Any CPU.ActiveCfg = Release|Any CPU
		{2C9CA100-F0F2-4D5A-9389-B7C2C21B76CA}.Release|Any CPU.Build.0 = Release|Any CPU
	EndGlobalSection
	GlobalSection(SolutionProperties) = preSolution
		HideSolutionNode = FALSE
	EndGlobalSection
	GlobalSection(ExtensibilityGlobals) = postSolution
		SolutionGuid = {AB54E5AD-95C8-4E11-887A-735E7AF9E944}
	EndGlobalSection
EndGlobal
