
Microsoft Visual Studio Solution File, Format Version 12.00
# Visual Studio Version 17
VisualStudioVersion = 17.5.002.0
MinimumVisualStudioVersion = 10.0.40219.1
Project("{9A19103F-16F7-4668-BE54-9A1E7A4F7556}") = "Laboratorio4", "Laboratorio4\Laboratorio4.csproj", "{86792A06-996F-4403-B687-7483E2B03507}"
EndProject
Global
	GlobalSection(SolutionConfigurationPlatforms) = preSolution
		Debug|Any CPU = Debug|Any CPU
		Release|Any CPU = Release|Any CPU
	EndGlobalSection
	GlobalSection(ProjectConfigurationPlatforms) = postSolution
		{86792A06-996F-4403-B687-7483E2B03507}.Debug|Any CPU.ActiveCfg = Debug|Any CPU
		{86792A06-996F-4403-B687-7483E2B03507}.Debug|Any CPU.Build.0 = Debug|Any CPU
		{86792A06-996F-4403-B687-7483E2B03507}.Release|Any CPU.ActiveCfg = Release|Any CPU
		{86792A06-996F-4403-B687-7483E2B03507}.Release|Any CPU.Build.0 = Release|Any CPU
	EndGlobalSection
	GlobalSection(SolutionProperties) = preSolution
		HideSolutionNode = FALSE
	EndGlobalSection
	GlobalSection(ExtensibilityGlobals) = postSolution
		SolutionGuid = {E30D71FD-5625-406B-B4BD-B8445AC6735F}
	EndGlobalSection
EndGlobal
