
Microsoft Visual Studio Solution File, Format Version 12.00
# Visual Studio Version 17
VisualStudioVersion = 17.5.002.0
MinimumVisualStudioVersion = 10.0.40219.1
Project("{9A19103F-16F7-4668-BE54-9A1E7A4F7556}") = "SeleniumSimpleTest", "SeleniumSimpleTest\SeleniumSimpleTest.csproj", "{14316F52-F0C7-410F-84AB-1483C80A7299}"
EndProject
Global
	GlobalSection(SolutionConfigurationPlatforms) = preSolution
		Debug|Any CPU = Debug|Any CPU
		Release|Any CPU = Release|Any CPU
	EndGlobalSection
	GlobalSection(ProjectConfigurationPlatforms) = postSolution
		{14316F52-F0C7-410F-84AB-1483C80A7299}.Debug|Any CPU.ActiveCfg = Debug|Any CPU
		{14316F52-F0C7-410F-84AB-1483C80A7299}.Debug|Any CPU.Build.0 = Debug|Any CPU
		{14316F52-F0C7-410F-84AB-1483C80A7299}.Release|Any CPU.ActiveCfg = Release|Any CPU
		{14316F52-F0C7-410F-84AB-1483C80A7299}.Release|Any CPU.Build.0 = Release|Any CPU
	EndGlobalSection
	GlobalSection(SolutionProperties) = preSolution
		HideSolutionNode = FALSE
	EndGlobalSection
	GlobalSection(ExtensibilityGlobals) = postSolution
		SolutionGuid = {7C45D9F4-724B-454A-A821-D6E5876DD6F4}
	EndGlobalSection
EndGlobal
