
Microsoft Visual Studio Solution File, Format Version 12.00
# Visual Studio Version 17
VisualStudioVersion = 17.5.002.0
MinimumVisualStudioVersion = 10.0.40219.1
Project("{9A19103F-16F7-4668-BE54-9A1E7A4F7556}") = "01_conversaoDeTipo", "01_conversaoDeTipo\01_conversaoDeTipo.csproj", "{6DA4C0E4-B41B-475E-8CD2-73437A389866}"
EndProject
Global
	GlobalSection(SolutionConfigurationPlatforms) = preSolution
		Debug|Any CPU = Debug|Any CPU
		Release|Any CPU = Release|Any CPU
	EndGlobalSection
	GlobalSection(ProjectConfigurationPlatforms) = postSolution
		{6DA4C0E4-B41B-475E-8CD2-73437A389866}.Debug|Any CPU.ActiveCfg = Debug|Any CPU
		{6DA4C0E4-B41B-475E-8CD2-73437A389866}.Debug|Any CPU.Build.0 = Debug|Any CPU
		{6DA4C0E4-B41B-475E-8CD2-73437A389866}.Release|Any CPU.ActiveCfg = Release|Any CPU
		{6DA4C0E4-B41B-475E-8CD2-73437A389866}.Release|Any CPU.Build.0 = Release|Any CPU
	EndGlobalSection
	GlobalSection(SolutionProperties) = preSolution
		HideSolutionNode = FALSE
	EndGlobalSection
	GlobalSection(ExtensibilityGlobals) = postSolution
		SolutionGuid = {9C404569-79C6-43C5-AF1D-337B4446E73F}
	EndGlobalSection
EndGlobal
