
Microsoft Visual Studio Solution File, Format Version 12.00
# Visual Studio Version 17
VisualStudioVersion = 17.5.002.0
MinimumVisualStudioVersion = 10.0.40219.1
Project("{9A19103F-16F7-4668-BE54-9A1E7A4F7556}") = "EFCOreExemplo", "EFCOreExemplo\EFCOreExemplo.csproj", "{51868987-B8F5-49F7-BD22-54B7A61D7236}"
EndProject
Global
	GlobalSection(SolutionConfigurationPlatforms) = preSolution
		Debug|Any CPU = Debug|Any CPU
		Release|Any CPU = Release|Any CPU
	EndGlobalSection
	GlobalSection(ProjectConfigurationPlatforms) = postSolution
		{51868987-B8F5-49F7-BD22-54B7A61D7236}.Debug|Any CPU.ActiveCfg = Debug|Any CPU
		{51868987-B8F5-49F7-BD22-54B7A61D7236}.Debug|Any CPU.Build.0 = Debug|Any CPU
		{51868987-B8F5-49F7-BD22-54B7A61D7236}.Release|Any CPU.ActiveCfg = Release|Any CPU
		{51868987-B8F5-49F7-BD22-54B7A61D7236}.Release|Any CPU.Build.0 = Release|Any CPU
	EndGlobalSection
	GlobalSection(SolutionProperties) = preSolution
		HideSolutionNode = FALSE
	EndGlobalSection
	GlobalSection(ExtensibilityGlobals) = postSolution
		SolutionGuid = {4C37DB17-68C7-4110-90B2-61D60A948D7C}
	EndGlobalSection
EndGlobal
